
Microsoft Visual Studio Solution File, Format Version 12.00
# Visual Studio Version 17
VisualStudioVersion = 17.0.31903.59
MinimumVisualStudioVersion = 10.0.40219.1
Project("{FAE04EC0-301F-11D3-BF4B-00C04F79EFBC}") = "AutoLot.Models", "AutoLot.Models\AutoLot.Models.csproj", "{2B0377C2-1F8C-4CA2-8417-A27F78A2F26D}"
EndProject
Project("{FAE04EC0-301F-11D3-BF4B-00C04F79EFBC}") = "AutoLot.Dal", "AutoLot.Dal\AutoLot.Dal.csproj", "{FBA62202-08DB-463D-A8E4-A309DB414D67}"
EndProject
Project("{FAE04EC0-301F-11D3-BF4B-00C04F79EFBC}") = "AutoLot.Services", "AutoLot.Services\AutoLot.Services.csproj", "{FC5E75A1-4B93-4A47-9E10-0C67C3E0FD71}"
EndProject
Project("{FAE04EC0-301F-11D3-BF4B-00C04F79EFBC}") = "AutoLot.Api", "AutoLot.Api\AutoLot.Api.csproj", "{08DA0375-515F-4D57-AAB4-249A6F8D3321}"
EndProject
Project("{FAE04EC0-301F-11D3-BF4B-00C04F79EFBC}") = "AutoLot.Mvc", "AutoLot.Mvc\AutoLot.Mvc.csproj", "{FBF14363-3CE2-4381-80B4-830F1925B3F1}"
EndProject
Project("{FAE04EC0-301F-11D3-BF4B-00C04F79EFBC}") = "AutoLot.Web", "AutoLot.Web\AutoLot.Web.csproj", "{3FF79955-B9C6-4252-9A76-5EAA38A66253}"
EndProject
Global
	GlobalSection(SolutionConfigurationPlatforms) = preSolution
		Debug|Any CPU = Debug|Any CPU
		Debug|x64 = Debug|x64
		Debug|x86 = Debug|x86
		Release|Any CPU = Release|Any CPU
		Release|x64 = Release|x64
		Release|x86 = Release|x86
	EndGlobalSection
	GlobalSection(ProjectConfigurationPlatforms) = postSolution
		{2B0377C2-1F8C-4CA2-8417-A27F78A2F26D}.Debug|Any CPU.ActiveCfg = Debug|Any CPU
		{2B0377C2-1F8C-4CA2-8417-A27F78A2F26D}.Debug|Any CPU.Build.0 = Debug|Any CPU
		{2B0377C2-1F8C-4CA2-8417-A27F78A2F26D}.Debug|x64.ActiveCfg = Debug|Any CPU
		{2B0377C2-1F8C-4CA2-8417-A27F78A2F26D}.Debug|x64.Build.0 = Debug|Any CPU
		{2B0377C2-1F8C-4CA2-8417-A27F78A2F26D}.Debug|x86.ActiveCfg = Debug|Any CPU
		{2B0377C2-1F8C-4CA2-8417-A27F78A2F26D}.Debug|x86.Build.0 = Debug|Any CPU
		{2B0377C2-1F8C-4CA2-8417-A27F78A2F26D}.Release|Any CPU.ActiveCfg = Release|Any CPU
		{2B0377C2-1F8C-4CA2-8417-A27F78A2F26D}.Release|Any CPU.Build.0 = Release|Any CPU
		{2B0377C2-1F8C-4CA2-8417-A27F78A2F26D}.Release|x64.ActiveCfg = Release|Any CPU
		{2B0377C2-1F8C-4CA2-8417-A27F78A2F26D}.Release|x64.Build.0 = Release|Any CPU
		{2B0377C2-1F8C-4CA2-8417-A27F78A2F26D}.Release|x86.ActiveCfg = Release|Any CPU
		{2B0377C2-1F8C-4CA2-8417-A27F78A2F26D}.Release|x86.Build.0 = Release|Any CPU
		{FBA62202-08DB-463D-A8E4-A309DB414D67}.Debug|Any CPU.ActiveCfg = Debug|Any CPU
		{FBA62202-08DB-463D-A8E4-A309DB414D67}.Debug|Any CPU.Build.0 = Debug|Any CPU
		{FBA62202-08DB-463D-A8E4-A309DB414D67}.Debug|x64.ActiveCfg = Debug|Any CPU
		{FBA62202-08DB-463D-A8E4-A309DB414D67}.Debug|x64.Build.0 = Debug|Any CPU
		{FBA62202-08DB-463D-A8E4-A309DB414D67}.Debug|x86.ActiveCfg = Debug|Any CPU
		{FBA62202-08DB-463D-A8E4-A309DB414D67}.Debug|x86.Build.0 = Debug|Any CPU
		{FBA62202-08DB-463D-A8E4-A309DB414D67}.Release|Any CPU.ActiveCfg = Release|Any CPU
		{FBA62202-08DB-463D-A8E4-A309DB414D67}.Release|Any CPU.Build.0 = Release|Any CPU
		{FBA62202-08DB-463D-A8E4-A309DB414D67}.Release|x64.ActiveCfg = Release|Any CPU
		{FBA62202-08DB-463D-A8E4-A309DB414D67}.Release|x64.Build.0 = Release|Any CPU
		{FBA62202-08DB-463D-A8E4-A309DB414D67}.Release|x86.ActiveCfg = Release|Any CPU
		{FBA62202-08DB-463D-A8E4-A309DB414D67}.Release|x86.Build.0 = Release|Any CPU
		{FC5E75A1-4B93-4A47-9E10-0C67C3E0FD71}.Debug|Any CPU.ActiveCfg = Debug|Any CPU
		{FC5E75A1-4B93-4A47-9E10-0C67C3E0FD71}.Debug|Any CPU.Build.0 = Debug|Any CPU
		{FC5E75A1-4B93-4A47-9E10-0C67C3E0FD71}.Debug|x64.ActiveCfg = Debug|Any CPU
		{FC5E75A1-4B93-4A47-9E10-0C67C3E0FD71}.Debug|x64.Build.0 = Debug|Any CPU
		{FC5E75A1-4B93-4A47-9E10-0C67C3E0FD71}.Debug|x86.ActiveCfg = Debug|Any CPU
		{FC5E75A1-4B93-4A47-9E10-0C67C3E0FD71}.Debug|x86.Build.0 = Debug|Any CPU
		{FC5E75A1-4B93-4A47-9E10-0C67C3E0FD71}.Release|Any CPU.ActiveCfg = Release|Any CPU
		{FC5E75A1-4B93-4A47-9E10-0C67C3E0FD71}.Release|Any CPU.Build.0 = Release|Any CPU
		{FC5E75A1-4B93-4A47-9E10-0C67C3E0FD71}.Release|x64.ActiveCfg = Release|Any CPU
		{FC5E75A1-4B93-4A47-9E10-0C67C3E0FD71}.Release|x64.Build.0 = Release|Any CPU
		{FC5E75A1-4B93-4A47-9E10-0C67C3E0FD71}.Release|x86.ActiveCfg = Release|Any CPU
		{FC5E75A1-4B93-4A47-9E10-0C67C3E0FD71}.Release|x86.Build.0 = Release|Any CPU
		{08DA0375-515F-4D57-AAB4-249A6F8D3321}.Debug|Any CPU.ActiveCfg = Debug|Any CPU
		{08DA0375-515F-4D57-AAB4-249A6F8D3321}.Debug|Any CPU.Build.0 = Debug|Any CPU
		{08DA0375-515F-4D57-AAB4-249A6F8D3321}.Debug|x64.ActiveCfg = Debug|Any CPU
		{08DA0375-515F-4D57-AAB4-249A6F8D3321}.Debug|x64.Build.0 = Debug|Any CPU
		{08DA0375-515F-4D57-AAB4-249A6F8D3321}.Debug|x86.ActiveCfg = Debug|Any CPU
		{08DA0375-515F-4D57-AAB4-249A6F8D3321}.Debug|x86.Build.0 = Debug|Any CPU
		{08DA0375-515F-4D57-AAB4-249A6F8D3321}.Release|Any CPU.ActiveCfg = Release|Any CPU
		{08DA0375-515F-4D57-AAB4-249A6F8D3321}.Release|Any CPU.Build.0 = Release|Any CPU
		{08DA0375-515F-4D57-AAB4-249A6F8D3321}.Release|x64.ActiveCfg = Release|Any CPU
		{08DA0375-515F-4D57-AAB4-249A6F8D3321}.Release|x64.Build.0 = Release|Any CPU
		{08DA0375-515F-4D57-AAB4-249A6F8D3321}.Release|x86.ActiveCfg = Release|Any CPU
		{08DA0375-515F-4D57-AAB4-249A6F8D3321}.Release|x86.Build.0 = Release|Any CPU
		{FBF14363-3CE2-4381-80B4-830F1925B3F1}.Debug|Any CPU.ActiveCfg = Debug|Any CPU
		{FBF14363-3CE2-4381-80B4-830F1925B3F1}.Debug|Any CPU.Build.0 = Debug|Any CPU
		{FBF14363-3CE2-4381-80B4-830F1925B3F1}.Debug|x64.ActiveCfg = Debug|Any CPU
		{FBF14363-3CE2-4381-80B4-830F1925B3F1}.Debug|x64.Build.0 = Debug|Any CPU
		{FBF14363-3CE2-4381-80B4-830F1925B3F1}.Debug|x86.ActiveCfg = Debug|Any CPU
		{FBF14363-3CE2-4381-80B4-830F1925B3F1}.Debug|x86.Build.0 = Debug|Any CPU
		{FBF14363-3CE2-4381-80B4-830F1925B3F1}.Release|Any CPU.ActiveCfg = Release|Any CPU
		{FBF14363-3CE2-4381-80B4-830F1925B3F1}.Release|Any CPU.Build.0 = Release|Any CPU
		{FBF14363-3CE2-4381-80B4-830F1925B3F1}.Release|x64.ActiveCfg = Release|Any CPU
		{FBF14363-3CE2-4381-80B4-830F1925B3F1}.Release|x64.Build.0 = Release|Any CPU
		{FBF14363-3CE2-4381-80B4-830F1925B3F1}.Release|x86.ActiveCfg = Release|Any CPU
		{FBF14363-3CE2-4381-80B4-830F1925B3F1}.Release|x86.Build.0 = Release|Any CPU
		{3FF79955-B9C6-4252-9A76-5EAA38A66253}.Debug|Any CPU.ActiveCfg = Debug|Any CPU
		{3FF79955-B9C6-4252-9A76-5EAA38A66253}.Debug|Any CPU.Build.0 = Debug|Any CPU
		{3FF79955-B9C6-4252-9A76-5EAA38A66253}.Debug|x64.ActiveCfg = Debug|Any CPU
		{3FF79955-B9C6-4252-9A76-5EAA38A66253}.Debug|x64.Build.0 = Debug|Any CPU
		{3FF79955-B9C6-4252-9A76-5EAA38A66253}.Debug|x86.ActiveCfg = Debug|Any CPU
		{3FF79955-B9C6-4252-9A76-5EAA38A66253}.Debug|x86.Build.0 = Debug|Any CPU
		{3FF79955-B9C6-4252-9A76-5EAA38A66253}.Release|Any CPU.ActiveCfg = Release|Any CPU
		{3FF79955-B9C6-4252-9A76-5EAA38A66253}.Release|Any CPU.Build.0 = Release|Any CPU
		{3FF79955-B9C6-4252-9A76-5EAA38A66253}.Release|x64.ActiveCfg = Release|Any CPU
		{3FF79955-B9C6-4252-9A76-5EAA38A66253}.Release|x64.Build.0 = Release|Any CPU
		{3FF79955-B9C6-4252-9A76-5EAA38A66253}.Release|x86.ActiveCfg = Release|Any CPU
		{3FF79955-B9C6-4252-9A76-5EAA38A66253}.Release|x86.Build.0 = Release|Any CPU
	EndGlobalSection
	GlobalSection(SolutionProperties) = preSolution
		HideSolutionNode = FALSE
	EndGlobalSection
EndGlobal
