Microsoft Visual Studio Solution File, Format Version 12.00
# Visual Studio Version 17
VisualStudioVersion = 17.5.2.0
MinimumVisualStudioVersion = 10.0.40219.1
Project("{FAE04EC0-301F-11D3-BF4B-00C04F79EFBC}") = "AutoLot.Dal.Tests", "AutoLot.Dal.Tests.csproj", "{164CF532-CB7C-EA6E-AABC-7BDEEFD12405}"
EndProject
Global
	GlobalSection(SolutionConfigurationPlatforms) = preSolution
		Debug|Any CPU = Debug|Any CPU
		Release|Any CPU = Release|Any CPU
	EndGlobalSection
	GlobalSection(ProjectConfigurationPlatforms) = postSolution
		{164CF532-CB7C-EA6E-AABC-7BDEEFD12405}.Debug|Any CPU.ActiveCfg = Debug|Any CPU
		{164CF532-CB7C-EA6E-AABC-7BDEEFD12405}.Debug|Any CPU.Build.0 = Debug|Any CPU
		{164CF532-CB7C-EA6E-AABC-7BDEEFD12405}.Release|Any CPU.ActiveCfg = Release|Any CPU
		{164CF532-CB7C-EA6E-AABC-7BDEEFD12405}.Release|Any CPU.Build.0 = Release|Any CPU
	EndGlobalSection
	GlobalSection(SolutionProperties) = preSolution
		HideSolutionNode = FALSE
	EndGlobalSection
	GlobalSection(ExtensibilityGlobals) = postSolution
		SolutionGuid = {D80B04A6-AAFA-403F-95A8-DC183F7BB748}
	EndGlobalSection
EndGlobal
